{
  "requires": true,
  "lockfileVersion": 1,
  "dependencies": {
    "tachyons-aspect-ratios": {
      "version": "1.0.1",
      "resolved": "https://registry.npmjs.org/tachyons-aspect-ratios/-/tachyons-aspect-ratios-1.0.1.tgz",
      "integrity": "sha1-SzDg3RBbIzH3Irr4vwE8j0PILEA="
    },
    "tachyons-background-position": {
      "version": "1.0.3",
      "resolved": "https://registry.npmjs.org/tachyons-background-position/-/tachyons-background-position-1.0.3.tgz",
      "integrity": "sha1-3KO7YYHzqk/qsrgdzGSwVR8lNwY="
    },
    "tachyons-background-size": {
      "version": "5.0.5",
      "resolved": "https://registry.npmjs.org/tachyons-background-size/-/tachyons-background-size-5.0.5.tgz",
      "integrity": "sha1-RF++AIElMI6+dQJiZJ4/P3yd5W8="
    },
    "tachyons-clears": {
      "version": "3.0.4",
      "resolved": "https://registry.npmjs.org/tachyons-clears/-/tachyons-clears-3.0.4.tgz",
      "integrity": "sha1-hGS/oDlPutLmq5f634vH7L4utpU="
    },
    "tachyons-display": {
      "version": "5.0.4",
      "resolved": "https://registry.npmjs.org/tachyons-display/-/tachyons-display-5.0.4.tgz",
      "integrity": "sha1-nsaRiwaVdTt8KWwKEnXIshSyW5o="
    },
    "tachyons-floats": {
      "version": "3.0.4",
      "resolved": "https://registry.npmjs.org/tachyons-floats/-/tachyons-floats-3.0.4.tgz",
      "integrity": "sha1-zKXe7qzJSIC4Aax5prymRwjlXmw="
    },
    "tachyons-font-weight": {
      "version": "5.0.4",
      "resolved": "https://registry.npmjs.org/tachyons-font-weight/-/tachyons-font-weight-5.0.4.tgz",
      "integrity": "sha1-yVtP639MGFWIWbvJrxMZeYHRjWA="
    },
    "tachyons-links": {
      "version": "3.0.10",
      "resolved": "https://registry.npmjs.org/tachyons-links/-/tachyons-links-3.0.10.tgz",
      "integrity": "sha1-znP4wSoWydUNq/x2nijGW8S8d0c="
    },
    "tachyons-skins": {
      "version": "4.1.0",
      "resolved": "https://registry.npmjs.org/tachyons-skins/-/tachyons-skins-4.1.0.tgz",
      "integrity": "sha512-3udfool2VIt54U/7qyWc/ZDXEMse1p6UENRSIRH2FM1WsNbBbAFsX/pemvztNJQ+eYAw4baxVWSiI/2bF8YNJg=="
    },
    "tachyons-spacing": {
      "version": "6.0.4",
      "resolved": "https://registry.npmjs.org/tachyons-spacing/-/tachyons-spacing-6.0.4.tgz",
      "integrity": "sha1-VMvW2QKyo2q4ZBEHVOyZJOCZNao="
    },
    "tachyons-type-scale": {
      "version": "6.1.0",
      "resolved": "https://registry.npmjs.org/tachyons-type-scale/-/tachyons-type-scale-6.1.0.tgz",
      "integrity": "sha512-D2BVs/71EYnutv0qDw0SDmtW6qQowuLt+LXC9cQlbPSL44GETQir25YREjT4VSF2es1Tg1djWexHSKRxkFU2UA=="
    },
    "tachyons-widths": {
      "version": "5.2.1",
      "resolved": "https://registry.npmjs.org/tachyons-widths/-/tachyons-widths-5.2.1.tgz",
      "integrity": "sha512-LrqK5D8pH1K5JPrv1ld2o+oybDzvhq4dIEW43u3RpyPYg2PizUnxdKWm+QREsOWDDGgwwOMi094P6y5yoBSDNw=="
    }
  }
}
